
Microsoft Visual Studio Solution File, Format Version 12.00
# Visual Studio Version 17
VisualStudioVersion = 17.5.33516.290
MinimumVisualStudioVersion = 10.0.40219.1
Project("{FAE04EC0-301F-11D3-BF4B-00C04F79EFBC}") = "PropertyRentalManager", "PropertyRentalManager\PropertyRentalManager.csproj", "{0971063F-B0F7-48B4-9E94-A73ADAD7B329}"
EndProject
Global
	GlobalSection(SolutionConfigurationPlatforms) = preSolution
		Debug|Any CPU = Debug|Any CPU
		Release|Any CPU = Release|Any CPU
	EndGlobalSection
	GlobalSection(ProjectConfigurationPlatforms) = postSolution
		{0971063F-B0F7-48B4-9E94-A73ADAD7B329}.Debug|Any CPU.ActiveCfg = Debug|Any CPU
		{0971063F-B0F7-48B4-9E94-A73ADAD7B329}.Debug|Any CPU.Build.0 = Debug|Any CPU
		{0971063F-B0F7-48B4-9E94-A73ADAD7B329}.Release|Any CPU.ActiveCfg = Release|Any CPU
		{0971063F-B0F7-48B4-9E94-A73ADAD7B329}.Release|Any CPU.Build.0 = Release|Any CPU
	EndGlobalSection
	GlobalSection(SolutionProperties) = preSolution
		HideSolutionNode = FALSE
	EndGlobalSection
	GlobalSection(ExtensibilityGlobals) = postSolution
		SolutionGuid = {EDE82A6C-84C0-4D54-9992-283F165439E6}
	EndGlobalSection
EndGlobal
